
Microsoft Visual Studio Solution File, Format Version 12.00
# Visual Studio 2013
VisualStudioVersion = 12.0.21005.1
MinimumVisualStudioVersion = 10.0.40219.1
Project("{FAE04EC0-301F-11D3-BF4B-00C04F79EFBC}") = "ClipboardHelper", "ClipboardHelper\ClipboardHelper.csproj", "{70180DF9-FB5C-4BD1-AF05-827405CD7EB3}"
	ProjectSection(ProjectDependencies) = postProject
		{9B6984AF-177E-402F-A6E4-ECC0879684F7} = {9B6984AF-177E-402F-A6E4-ECC0879684F7}
	EndProjectSection
EndProject
Project("{FAE04EC0-301F-11D3-BF4B-00C04F79EFBC}") = "ClipboardHelper.Test", "ClipboardHelperTest\ClipboardHelper.Test.csproj", "{3E9D42BE-4D6E-4F9B-8FF7-CA6864F7C911}"
	ProjectSection(ProjectDependencies) = postProject
		{9B6984AF-177E-402F-A6E4-ECC0879684F7} = {9B6984AF-177E-402F-A6E4-ECC0879684F7}
	EndProjectSection
EndProject
Project("{2150E333-8FDC-42A3-9474-1A3956D46DE8}") = "Solution Items", "Solution Items", "{D973F5F8-1E39-4F8F-A11C-0335004FB360}"
	ProjectSection(SolutionItems) = preProject
		BuildActions.target = BuildActions.target
		BuildTargets.target = BuildTargets.target
	EndProjectSection
EndProject
Project("{8BC9CEB8-8B4A-11D0-8D11-00A0C91BC942}") = "ClipboardWatcher", "ClipboardWatcher\ClipboardWatcher.vcxproj", "{9B6984AF-177E-402F-A6E4-ECC0879684F7}"
EndProject
Project("{FAE04EC0-301F-11D3-BF4B-00C04F79EFBC}") = "ClipboardViewer", "ClipboardViewer\ClipboardViewer.csproj", "{E7B6D4C3-94E3-45C9-836D-464661C06856}"
	ProjectSection(ProjectDependencies) = postProject
		{9B6984AF-177E-402F-A6E4-ECC0879684F7} = {9B6984AF-177E-402F-A6E4-ECC0879684F7}
	EndProjectSection
EndProject
Project("{FAE04EC0-301F-11D3-BF4B-00C04F79EFBC}") = "Utils", "Utils\Utils.csproj", "{9E8BC6A9-F053-4702-B7D9-07202907F2DC}"
EndProject
Project("{FAE04EC0-301F-11D3-BF4B-00C04F79EFBC}") = "Utils.Test", "Utils.Test\Utils.Test.csproj", "{0DCB9836-DEE4-4E65-A322-5ED6BAAD2AA3}"
EndProject
Project("{FAE04EC0-301F-11D3-BF4B-00C04F79EFBC}") = "ClipboardViewer.Test", "ClipboardViewer.Test\ClipboardViewer.Test.csproj", "{2A85BAB8-4C7D-42B1-AFC5-1AD6AF585D8C}"
EndProject
Project("{FAE04EC0-301F-11D3-BF4B-00C04F79EFBC}") = "Utils.Wpf", "Utils.Wpf\Utils.Wpf.csproj", "{E443A1C6-6077-4C03-A2C7-BA93C748011B}"
EndProject
Project("{FAE04EC0-301F-11D3-BF4B-00C04F79EFBC}") = "ClipboardViewer.App", "ClipboardViewer.App\ClipboardViewer.App.csproj", "{92758DF3-DB25-4E82-815A-4432F92C5D2F}"
	ProjectSection(ProjectDependencies) = postProject
		{9B6984AF-177E-402F-A6E4-ECC0879684F7} = {9B6984AF-177E-402F-A6E4-ECC0879684F7}
	EndProjectSection
EndProject
Project("{FAE04EC0-301F-11D3-BF4B-00C04F79EFBC}") = "Utils.Wpf.Test", "Utils.Wpf.Test\Utils.Wpf.Test.csproj", "{A93BF8EF-3A26-43BD-B854-895497AEF451}"
EndProject
Global
	GlobalSection(SolutionConfigurationPlatforms) = preSolution
		Debug|Any CPU = Debug|Any CPU
		Debug|Mixed Platforms = Debug|Mixed Platforms
		Debug|Win32 = Debug|Win32
		Debug|x64 = Debug|x64
		Debug|x86 = Debug|x86
		Release|Any CPU = Release|Any CPU
		Release|Mixed Platforms = Release|Mixed Platforms
		Release|Win32 = Release|Win32
		Release|x64 = Release|x64
		Release|x86 = Release|x86
	EndGlobalSection
	GlobalSection(ProjectConfigurationPlatforms) = postSolution
		{70180DF9-FB5C-4BD1-AF05-827405CD7EB3}.Debug|Any CPU.ActiveCfg = Debug|Any CPU
		{70180DF9-FB5C-4BD1-AF05-827405CD7EB3}.Debug|Any CPU.Build.0 = Debug|Any CPU
		{70180DF9-FB5C-4BD1-AF05-827405CD7EB3}.Debug|Mixed Platforms.ActiveCfg = Debug|x86
		{70180DF9-FB5C-4BD1-AF05-827405CD7EB3}.Debug|Mixed Platforms.Build.0 = Debug|x86
		{70180DF9-FB5C-4BD1-AF05-827405CD7EB3}.Debug|Win32.ActiveCfg = Debug|x86
		{70180DF9-FB5C-4BD1-AF05-827405CD7EB3}.Debug|Win32.Build.0 = Debug|x86
		{70180DF9-FB5C-4BD1-AF05-827405CD7EB3}.Debug|x64.ActiveCfg = Debug|x64
		{70180DF9-FB5C-4BD1-AF05-827405CD7EB3}.Debug|x64.Build.0 = Debug|x64
		{70180DF9-FB5C-4BD1-AF05-827405CD7EB3}.Debug|x86.ActiveCfg = Debug|x86
		{70180DF9-FB5C-4BD1-AF05-827405CD7EB3}.Debug|x86.Build.0 = Debug|x86
		{70180DF9-FB5C-4BD1-AF05-827405CD7EB3}.Release|Any CPU.ActiveCfg = Release|Any CPU
		{70180DF9-FB5C-4BD1-AF05-827405CD7EB3}.Release|Any CPU.Build.0 = Release|Any CPU
		{70180DF9-FB5C-4BD1-AF05-827405CD7EB3}.Release|Mixed Platforms.ActiveCfg = Release|x86
		{70180DF9-FB5C-4BD1-AF05-827405CD7EB3}.Release|Mixed Platforms.Build.0 = Release|x86
		{70180DF9-FB5C-4BD1-AF05-827405CD7EB3}.Release|Win32.ActiveCfg = Release|x86
		{70180DF9-FB5C-4BD1-AF05-827405CD7EB3}.Release|Win32.Build.0 = Release|x86
		{70180DF9-FB5C-4BD1-AF05-827405CD7EB3}.Release|x64.ActiveCfg = Release|x64
		{70180DF9-FB5C-4BD1-AF05-827405CD7EB3}.Release|x64.Build.0 = Release|x64
		{70180DF9-FB5C-4BD1-AF05-827405CD7EB3}.Release|x86.ActiveCfg = Release|x86
		{70180DF9-FB5C-4BD1-AF05-827405CD7EB3}.Release|x86.Build.0 = Release|x86
		{3E9D42BE-4D6E-4F9B-8FF7-CA6864F7C911}.Debug|Any CPU.ActiveCfg = Debug|Any CPU
		{3E9D42BE-4D6E-4F9B-8FF7-CA6864F7C911}.Debug|Any CPU.Build.0 = Debug|Any CPU
		{3E9D42BE-4D6E-4F9B-8FF7-CA6864F7C911}.Debug|Mixed Platforms.ActiveCfg = Debug|x86
		{3E9D42BE-4D6E-4F9B-8FF7-CA6864F7C911}.Debug|Mixed Platforms.Build.0 = Debug|x86
		{3E9D42BE-4D6E-4F9B-8FF7-CA6864F7C911}.Debug|Win32.ActiveCfg = Debug|x86
		{3E9D42BE-4D6E-4F9B-8FF7-CA6864F7C911}.Debug|Win32.Build.0 = Debug|x86
		{3E9D42BE-4D6E-4F9B-8FF7-CA6864F7C911}.Debug|x64.ActiveCfg = Debug|x64
		{3E9D42BE-4D6E-4F9B-8FF7-CA6864F7C911}.Debug|x64.Build.0 = Debug|x64
		{3E9D42BE-4D6E-4F9B-8FF7-CA6864F7C911}.Debug|x86.ActiveCfg = Debug|x86
		{3E9D42BE-4D6E-4F9B-8FF7-CA6864F7C911}.Debug|x86.Build.0 = Debug|x86
		{3E9D42BE-4D6E-4F9B-8FF7-CA6864F7C911}.Release|Any CPU.ActiveCfg = Release|Any CPU
		{3E9D42BE-4D6E-4F9B-8FF7-CA6864F7C911}.Release|Any CPU.Build.0 = Release|Any CPU
		{3E9D42BE-4D6E-4F9B-8FF7-CA6864F7C911}.Release|Mixed Platforms.ActiveCfg = Release|x86
		{3E9D42BE-4D6E-4F9B-8FF7-CA6864F7C911}.Release|Mixed Platforms.Build.0 = Release|x86
		{3E9D42BE-4D6E-4F9B-8FF7-CA6864F7C911}.Release|Win32.ActiveCfg = Release|x86
		{3E9D42BE-4D6E-4F9B-8FF7-CA6864F7C911}.Release|Win32.Build.0 = Release|x86
		{3E9D42BE-4D6E-4F9B-8FF7-CA6864F7C911}.Release|x64.ActiveCfg = Release|x64
		{3E9D42BE-4D6E-4F9B-8FF7-CA6864F7C911}.Release|x64.Build.0 = Release|x64
		{3E9D42BE-4D6E-4F9B-8FF7-CA6864F7C911}.Release|x86.ActiveCfg = Release|x86
		{3E9D42BE-4D6E-4F9B-8FF7-CA6864F7C911}.Release|x86.Build.0 = Release|x86
		{9B6984AF-177E-402F-A6E4-ECC0879684F7}.Debug|Any CPU.ActiveCfg = Debug|Win32
		{9B6984AF-177E-402F-A6E4-ECC0879684F7}.Debug|Mixed Platforms.ActiveCfg = Debug|Win32
		{9B6984AF-177E-402F-A6E4-ECC0879684F7}.Debug|Mixed Platforms.Build.0 = Debug|Win32
		{9B6984AF-177E-402F-A6E4-ECC0879684F7}.Debug|Win32.ActiveCfg = Debug|Win32
		{9B6984AF-177E-402F-A6E4-ECC0879684F7}.Debug|Win32.Build.0 = Debug|Win32
		{9B6984AF-177E-402F-A6E4-ECC0879684F7}.Debug|x64.ActiveCfg = Debug|Win32
		{9B6984AF-177E-402F-A6E4-ECC0879684F7}.Debug|x86.ActiveCfg = Debug|Win32
		{9B6984AF-177E-402F-A6E4-ECC0879684F7}.Debug|x86.Build.0 = Debug|Win32
		{9B6984AF-177E-402F-A6E4-ECC0879684F7}.Release|Any CPU.ActiveCfg = Release|Win32
		{9B6984AF-177E-402F-A6E4-ECC0879684F7}.Release|Mixed Platforms.ActiveCfg = Release|Win32
		{9B6984AF-177E-402F-A6E4-ECC0879684F7}.Release|Mixed Platforms.Build.0 = Release|Win32
		{9B6984AF-177E-402F-A6E4-ECC0879684F7}.Release|Win32.ActiveCfg = Release|Win32
		{9B6984AF-177E-402F-A6E4-ECC0879684F7}.Release|Win32.Build.0 = Release|Win32
		{9B6984AF-177E-402F-A6E4-ECC0879684F7}.Release|x64.ActiveCfg = Release|Win32
		{9B6984AF-177E-402F-A6E4-ECC0879684F7}.Release|x86.ActiveCfg = Release|Win32
		{9B6984AF-177E-402F-A6E4-ECC0879684F7}.Release|x86.Build.0 = Release|Win32
		{E7B6D4C3-94E3-45C9-836D-464661C06856}.Debug|Any CPU.ActiveCfg = Debug|Any CPU
		{E7B6D4C3-94E3-45C9-836D-464661C06856}.Debug|Any CPU.Build.0 = Debug|Any CPU
		{E7B6D4C3-94E3-45C9-836D-464661C06856}.Debug|Mixed Platforms.ActiveCfg = Debug|Any CPU
		{E7B6D4C3-94E3-45C9-836D-464661C06856}.Debug|Mixed Platforms.Build.0 = Debug|Any CPU
		{E7B6D4C3-94E3-45C9-836D-464661C06856}.Debug|Win32.ActiveCfg = Debug|Any CPU
		{E7B6D4C3-94E3-45C9-836D-464661C06856}.Debug|x64.ActiveCfg = Debug|Any CPU
		{E7B6D4C3-94E3-45C9-836D-464661C06856}.Debug|x86.ActiveCfg = Debug|Any CPU
		{E7B6D4C3-94E3-45C9-836D-464661C06856}.Release|Any CPU.ActiveCfg = Release|Any CPU
		{E7B6D4C3-94E3-45C9-836D-464661C06856}.Release|Any CPU.Build.0 = Release|Any CPU
		{E7B6D4C3-94E3-45C9-836D-464661C06856}.Release|Mixed Platforms.ActiveCfg = Release|Any CPU
		{E7B6D4C3-94E3-45C9-836D-464661C06856}.Release|Mixed Platforms.Build.0 = Release|Any CPU
		{E7B6D4C3-94E3-45C9-836D-464661C06856}.Release|Win32.ActiveCfg = Release|Any CPU
		{E7B6D4C3-94E3-45C9-836D-464661C06856}.Release|x64.ActiveCfg = Release|Any CPU
		{E7B6D4C3-94E3-45C9-836D-464661C06856}.Release|x86.ActiveCfg = Release|Any CPU
		{9E8BC6A9-F053-4702-B7D9-07202907F2DC}.Debug|Any CPU.ActiveCfg = Debug|Any CPU
		{9E8BC6A9-F053-4702-B7D9-07202907F2DC}.Debug|Any CPU.Build.0 = Debug|Any CPU
		{9E8BC6A9-F053-4702-B7D9-07202907F2DC}.Debug|Mixed Platforms.ActiveCfg = Debug|Any CPU
		{9E8BC6A9-F053-4702-B7D9-07202907F2DC}.Debug|Mixed Platforms.Build.0 = Debug|Any CPU
		{9E8BC6A9-F053-4702-B7D9-07202907F2DC}.Debug|Win32.ActiveCfg = Debug|Any CPU
		{9E8BC6A9-F053-4702-B7D9-07202907F2DC}.Debug|x64.ActiveCfg = Debug|Any CPU
		{9E8BC6A9-F053-4702-B7D9-07202907F2DC}.Debug|x86.ActiveCfg = Debug|Any CPU
		{9E8BC6A9-F053-4702-B7D9-07202907F2DC}.Release|Any CPU.ActiveCfg = Release|Any CPU
		{9E8BC6A9-F053-4702-B7D9-07202907F2DC}.Release|Any CPU.Build.0 = Release|Any CPU
		{9E8BC6A9-F053-4702-B7D9-07202907F2DC}.Release|Mixed Platforms.ActiveCfg = Release|Any CPU
		{9E8BC6A9-F053-4702-B7D9-07202907F2DC}.Release|Mixed Platforms.Build.0 = Release|Any CPU
		{9E8BC6A9-F053-4702-B7D9-07202907F2DC}.Release|Win32.ActiveCfg = Release|Any CPU
		{9E8BC6A9-F053-4702-B7D9-07202907F2DC}.Release|x64.ActiveCfg = Release|Any CPU
		{9E8BC6A9-F053-4702-B7D9-07202907F2DC}.Release|x86.ActiveCfg = Release|Any CPU
		{0DCB9836-DEE4-4E65-A322-5ED6BAAD2AA3}.Debug|Any CPU.ActiveCfg = Debug|Any CPU
		{0DCB9836-DEE4-4E65-A322-5ED6BAAD2AA3}.Debug|Any CPU.Build.0 = Debug|Any CPU
		{0DCB9836-DEE4-4E65-A322-5ED6BAAD2AA3}.Debug|Mixed Platforms.ActiveCfg = Debug|Any CPU
		{0DCB9836-DEE4-4E65-A322-5ED6BAAD2AA3}.Debug|Mixed Platforms.Build.0 = Debug|Any CPU
		{0DCB9836-DEE4-4E65-A322-5ED6BAAD2AA3}.Debug|Win32.ActiveCfg = Debug|Any CPU
		{0DCB9836-DEE4-4E65-A322-5ED6BAAD2AA3}.Debug|x64.ActiveCfg = Debug|Any CPU
		{0DCB9836-DEE4-4E65-A322-5ED6BAAD2AA3}.Debug|x86.ActiveCfg = Debug|Any CPU
		{0DCB9836-DEE4-4E65-A322-5ED6BAAD2AA3}.Release|Any CPU.ActiveCfg = Release|Any CPU
		{0DCB9836-DEE4-4E65-A322-5ED6BAAD2AA3}.Release|Any CPU.Build.0 = Release|Any CPU
		{0DCB9836-DEE4-4E65-A322-5ED6BAAD2AA3}.Release|Mixed Platforms.ActiveCfg = Release|Any CPU
		{0DCB9836-DEE4-4E65-A322-5ED6BAAD2AA3}.Release|Mixed Platforms.Build.0 = Release|Any CPU
		{0DCB9836-DEE4-4E65-A322-5ED6BAAD2AA3}.Release|Win32.ActiveCfg = Release|Any CPU
		{0DCB9836-DEE4-4E65-A322-5ED6BAAD2AA3}.Release|x64.ActiveCfg = Release|Any CPU
		{0DCB9836-DEE4-4E65-A322-5ED6BAAD2AA3}.Release|x86.ActiveCfg = Release|Any CPU
		{2A85BAB8-4C7D-42B1-AFC5-1AD6AF585D8C}.Debug|Any CPU.ActiveCfg = Debug|Any CPU
		{2A85BAB8-4C7D-42B1-AFC5-1AD6AF585D8C}.Debug|Any CPU.Build.0 = Debug|Any CPU
		{2A85BAB8-4C7D-42B1-AFC5-1AD6AF585D8C}.Debug|Mixed Platforms.ActiveCfg = Debug|Any CPU
		{2A85BAB8-4C7D-42B1-AFC5-1AD6AF585D8C}.Debug|Mixed Platforms.Build.0 = Debug|Any CPU
		{2A85BAB8-4C7D-42B1-AFC5-1AD6AF585D8C}.Debug|Win32.ActiveCfg = Debug|Any CPU
		{2A85BAB8-4C7D-42B1-AFC5-1AD6AF585D8C}.Debug|x64.ActiveCfg = Debug|Any CPU
		{2A85BAB8-4C7D-42B1-AFC5-1AD6AF585D8C}.Debug|x86.ActiveCfg = Debug|Any CPU
		{2A85BAB8-4C7D-42B1-AFC5-1AD6AF585D8C}.Release|Any CPU.ActiveCfg = Release|Any CPU
		{2A85BAB8-4C7D-42B1-AFC5-1AD6AF585D8C}.Release|Any CPU.Build.0 = Release|Any CPU
		{2A85BAB8-4C7D-42B1-AFC5-1AD6AF585D8C}.Release|Mixed Platforms.ActiveCfg = Release|Any CPU
		{2A85BAB8-4C7D-42B1-AFC5-1AD6AF585D8C}.Release|Mixed Platforms.Build.0 = Release|Any CPU
		{2A85BAB8-4C7D-42B1-AFC5-1AD6AF585D8C}.Release|Win32.ActiveCfg = Release|Any CPU
		{2A85BAB8-4C7D-42B1-AFC5-1AD6AF585D8C}.Release|x64.ActiveCfg = Release|Any CPU
		{2A85BAB8-4C7D-42B1-AFC5-1AD6AF585D8C}.Release|x86.ActiveCfg = Release|Any CPU
		{E443A1C6-6077-4C03-A2C7-BA93C748011B}.Debug|Any CPU.ActiveCfg = Debug|Any CPU
		{E443A1C6-6077-4C03-A2C7-BA93C748011B}.Debug|Any CPU.Build.0 = Debug|Any CPU
		{E443A1C6-6077-4C03-A2C7-BA93C748011B}.Debug|Mixed Platforms.ActiveCfg = Debug|Any CPU
		{E443A1C6-6077-4C03-A2C7-BA93C748011B}.Debug|Mixed Platforms.Build.0 = Debug|Any CPU
		{E443A1C6-6077-4C03-A2C7-BA93C748011B}.Debug|Win32.ActiveCfg = Debug|Any CPU
		{E443A1C6-6077-4C03-A2C7-BA93C748011B}.Debug|x64.ActiveCfg = Debug|Any CPU
		{E443A1C6-6077-4C03-A2C7-BA93C748011B}.Debug|x86.ActiveCfg = Debug|Any CPU
		{E443A1C6-6077-4C03-A2C7-BA93C748011B}.Release|Any CPU.ActiveCfg = Release|Any CPU
		{E443A1C6-6077-4C03-A2C7-BA93C748011B}.Release|Any CPU.Build.0 = Release|Any CPU
		{E443A1C6-6077-4C03-A2C7-BA93C748011B}.Release|Mixed Platforms.ActiveCfg = Release|Any CPU
		{E443A1C6-6077-4C03-A2C7-BA93C748011B}.Release|Mixed Platforms.Build.0 = Release|Any CPU
		{E443A1C6-6077-4C03-A2C7-BA93C748011B}.Release|Win32.ActiveCfg = Release|Any CPU
		{E443A1C6-6077-4C03-A2C7-BA93C748011B}.Release|x64.ActiveCfg = Release|Any CPU
		{E443A1C6-6077-4C03-A2C7-BA93C748011B}.Release|x86.ActiveCfg = Release|Any CPU
		{92758DF3-DB25-4E82-815A-4432F92C5D2F}.Debug|Any CPU.ActiveCfg = Debug|Any CPU
		{92758DF3-DB25-4E82-815A-4432F92C5D2F}.Debug|Any CPU.Build.0 = Debug|Any CPU
		{92758DF3-DB25-4E82-815A-4432F92C5D2F}.Debug|Mixed Platforms.ActiveCfg = Debug|Any CPU
		{92758DF3-DB25-4E82-815A-4432F92C5D2F}.Debug|Mixed Platforms.Build.0 = Debug|Any CPU
		{92758DF3-DB25-4E82-815A-4432F92C5D2F}.Debug|Win32.ActiveCfg = Debug|Any CPU
		{92758DF3-DB25-4E82-815A-4432F92C5D2F}.Debug|x64.ActiveCfg = Debug|Any CPU
		{92758DF3-DB25-4E82-815A-4432F92C5D2F}.Debug|x86.ActiveCfg = Debug|Any CPU
		{92758DF3-DB25-4E82-815A-4432F92C5D2F}.Release|Any CPU.ActiveCfg = Release|Any CPU
		{92758DF3-DB25-4E82-815A-4432F92C5D2F}.Release|Any CPU.Build.0 = Release|Any CPU
		{92758DF3-DB25-4E82-815A-4432F92C5D2F}.Release|Mixed Platforms.ActiveCfg = Release|Any CPU
		{92758DF3-DB25-4E82-815A-4432F92C5D2F}.Release|Mixed Platforms.Build.0 = Release|Any CPU
		{92758DF3-DB25-4E82-815A-4432F92C5D2F}.Release|Win32.ActiveCfg = Release|Any CPU
		{92758DF3-DB25-4E82-815A-4432F92C5D2F}.Release|x64.ActiveCfg = Release|Any CPU
		{92758DF3-DB25-4E82-815A-4432F92C5D2F}.Release|x86.ActiveCfg = Release|Any CPU
		{A93BF8EF-3A26-43BD-B854-895497AEF451}.Debug|Any CPU.ActiveCfg = Debug|Any CPU
		{A93BF8EF-3A26-43BD-B854-895497AEF451}.Debug|Any CPU.Build.0 = Debug|Any CPU
		{A93BF8EF-3A26-43BD-B854-895497AEF451}.Debug|Mixed Platforms.ActiveCfg = Debug|Any CPU
		{A93BF8EF-3A26-43BD-B854-895497AEF451}.Debug|Mixed Platforms.Build.0 = Debug|Any CPU
		{A93BF8EF-3A26-43BD-B854-895497AEF451}.Debug|Win32.ActiveCfg = Debug|Any CPU
		{A93BF8EF-3A26-43BD-B854-895497AEF451}.Debug|x64.ActiveCfg = Debug|Any CPU
		{A93BF8EF-3A26-43BD-B854-895497AEF451}.Debug|x86.ActiveCfg = Debug|Any CPU
		{A93BF8EF-3A26-43BD-B854-895497AEF451}.Release|Any CPU.ActiveCfg = Release|Any CPU
		{A93BF8EF-3A26-43BD-B854-895497AEF451}.Release|Any CPU.Build.0 = Release|Any CPU
		{A93BF8EF-3A26-43BD-B854-895497AEF451}.Release|Mixed Platforms.ActiveCfg = Release|Any CPU
		{A93BF8EF-3A26-43BD-B854-895497AEF451}.Release|Mixed Platforms.Build.0 = Release|Any CPU
		{A93BF8EF-3A26-43BD-B854-895497AEF451}.Release|Win32.ActiveCfg = Release|Any CPU
		{A93BF8EF-3A26-43BD-B854-895497AEF451}.Release|x64.ActiveCfg = Release|Any CPU
		{A93BF8EF-3A26-43BD-B854-895497AEF451}.Release|x86.ActiveCfg = Release|Any CPU
	EndGlobalSection
	GlobalSection(SolutionProperties) = preSolution
		HideSolutionNode = FALSE
	EndGlobalSection
EndGlobal
